// !$*UTF8*$!
{
	archiveVersion = 1;
	classes = {
	};
	objectVersion = 56;
	objects = {

/* Begin PBXBuildFile section */
		47070F362A93310B00CF74E5 /* HeadingView.swift in Sources */ = {isa = PBXBuildFile; fileRef = 47070F352A93310B00CF74E5 /* HeadingView.swift */; };
		473D98022A78D51B002EBADE /* AfricaApp.swift in Sources */ = {isa = PBXBuildFile; fileRef = 473D98012A78D51B002EBADE /* AfricaApp.swift */; };
		473D98042A78D51B002EBADE /* ContentView.swift in Sources */ = {isa = PBXBuildFile; fileRef = 473D98032A78D51B002EBADE /* ContentView.swift */; };
		473D98062A78D51C002EBADE /* Assets.xcassets in Resources */ = {isa = PBXBuildFile; fileRef = 473D98052A78D51C002EBADE /* Assets.xcassets */; };
		473D98092A78D51C002EBADE /* Preview Assets.xcassets in Resources */ = {isa = PBXBuildFile; fileRef = 473D98082A78D51C002EBADE /* Preview Assets.xcassets */; };
		4767DF8B2A933C7200664942 /* InsetGalleryView.swift in Sources */ = {isa = PBXBuildFile; fileRef = 4767DF8A2A933C7200664942 /* InsetGalleryView.swift */; };
		4767DF8D2A933ED900664942 /* InsetFactView.swift in Sources */ = {isa = PBXBuildFile; fileRef = 4767DF8C2A933ED900664942 /* InsetFactView.swift */; };
		4767DF8F2A935BE300664942 /* InsetMapView.swift in Sources */ = {isa = PBXBuildFile; fileRef = 4767DF8E2A935BE300664942 /* InsetMapView.swift */; };
		4767DF912A9363F200664942 /* ExternalWebLinkView.swift in Sources */ = {isa = PBXBuildFile; fileRef = 4767DF902A9363F200664942 /* ExternalWebLinkView.swift */; };
		478D3F2F2A80BDEC00763A1C /* CoverImageView.swift in Sources */ = {isa = PBXBuildFile; fileRef = 478D3F2E2A80BDEC00763A1C /* CoverImageView.swift */; };
		478D3F322A80C08600763A1C /* CoverImageModel.swift in Sources */ = {isa = PBXBuildFile; fileRef = 478D3F312A80C08600763A1C /* CoverImageModel.swift */; };
		478D3F352A80C23400763A1C /* CodableBundleExtension.swift in Sources */ = {isa = PBXBuildFile; fileRef = 478D3F342A80C23400763A1C /* CodableBundleExtension.swift */; };
		478D3F372A80E04500763A1C /* AnimalListItemView.swift in Sources */ = {isa = PBXBuildFile; fileRef = 478D3F362A80E04500763A1C /* AnimalListItemView.swift */; };
		478D3F392A80F6D300763A1C /* AnimalModel.swift in Sources */ = {isa = PBXBuildFile; fileRef = 478D3F382A80F6D300763A1C /* AnimalModel.swift */; };
		478D3F3B2A8106CA00763A1C /* AnimalDetailView.swift in Sources */ = {isa = PBXBuildFile; fileRef = 478D3F3A2A8106CA00763A1C /* AnimalDetailView.swift */; };
		47DF2CEF2A78D67B007ADC26 /* lioness.mp4 in Resources */ = {isa = PBXBuildFile; fileRef = 47DF2CE52A78D67A007ADC26 /* lioness.mp4 */; };
		47DF2CF02A78D67B007ADC26 /* giraffe.mp4 in Resources */ = {isa = PBXBuildFile; fileRef = 47DF2CE62A78D67A007ADC26 /* giraffe.mp4 */; };
		47DF2CF12A78D67B007ADC26 /* rhino.mp4 in Resources */ = {isa = PBXBuildFile; fileRef = 47DF2CE72A78D67A007ADC26 /* rhino.mp4 */; };
		47DF2CF22A78D67B007ADC26 /* cheetah.mp4 in Resources */ = {isa = PBXBuildFile; fileRef = 47DF2CE82A78D67A007ADC26 /* cheetah.mp4 */; };
		47DF2CF32A78D67B007ADC26 /* lion.mp4 in Resources */ = {isa = PBXBuildFile; fileRef = 47DF2CE92A78D67A007ADC26 /* lion.mp4 */; };
		47DF2CF42A78D67B007ADC26 /* gorilla.mp4 in Resources */ = {isa = PBXBuildFile; fileRef = 47DF2CEA2A78D67A007ADC26 /* gorilla.mp4 */; };
		47DF2CF52A78D67B007ADC26 /* ostrich.mp4 in Resources */ = {isa = PBXBuildFile; fileRef = 47DF2CEB2A78D67A007ADC26 /* ostrich.mp4 */; };
		47DF2CF62A78D67B007ADC26 /* zebra.mp4 in Resources */ = {isa = PBXBuildFile; fileRef = 47DF2CEC2A78D67A007ADC26 /* zebra.mp4 */; };
		47DF2CF72A78D67B007ADC26 /* elephant.mp4 in Resources */ = {isa = PBXBuildFile; fileRef = 47DF2CED2A78D67B007ADC26 /* elephant.mp4 */; };
		47DF2CF82A78D67B007ADC26 /* hippo.mp4 in Resources */ = {isa = PBXBuildFile; fileRef = 47DF2CEE2A78D67B007ADC26 /* hippo.mp4 */; };
		47DF2CFE2A78D694007ADC26 /* locations.json in Resources */ = {isa = PBXBuildFile; fileRef = 47DF2CFA2A78D694007ADC26 /* locations.json */; };
		47DF2CFF2A78D694007ADC26 /* covers.json in Resources */ = {isa = PBXBuildFile; fileRef = 47DF2CFB2A78D694007ADC26 /* covers.json */; };
		47DF2D002A78D694007ADC26 /* animals.json in Resources */ = {isa = PBXBuildFile; fileRef = 47DF2CFC2A78D694007ADC26 /* animals.json */; };
		47DF2D012A78D694007ADC26 /* videos.json in Resources */ = {isa = PBXBuildFile; fileRef = 47DF2CFD2A78D694007ADC26 /* videos.json */; };
		47DF2D072A78DB3B007ADC26 /* MapView.swift in Sources */ = {isa = PBXBuildFile; fileRef = 47DF2D062A78DB3B007ADC26 /* MapView.swift */; };
		47DF2D092A78DB4D007ADC26 /* VideoListView.swift in Sources */ = {isa = PBXBuildFile; fileRef = 47DF2D082A78DB4D007ADC26 /* VideoListView.swift */; };
		47DF2D0B2A78DB7A007ADC26 /* GalleryView.swift in Sources */ = {isa = PBXBuildFile; fileRef = 47DF2D0A2A78DB7A007ADC26 /* GalleryView.swift */; };
		47DF2D0D2A78DB90007ADC26 /* MainView.swift in Sources */ = {isa = PBXBuildFile; fileRef = 47DF2D0C2A78DB90007ADC26 /* MainView.swift */; };
/* End PBXBuildFile section */

/* Begin PBXFileReference section */
		47070F352A93310B00CF74E5 /* HeadingView.swift */ = {isa = PBXFileReference; lastKnownFileType = sourcecode.swift; path = HeadingView.swift; sourceTree = "<group>"; };
		473D97FE2A78D51B002EBADE /* Africa.app */ = {isa = PBXFileReference; explicitFileType = wrapper.application; includeInIndex = 0; path = Africa.app; sourceTree = BUILT_PRODUCTS_DIR; };
		473D98012A78D51B002EBADE /* AfricaApp.swift */ = {isa = PBXFileReference; lastKnownFileType = sourcecode.swift; path = AfricaApp.swift; sourceTree = "<group>"; };
		473D98032A78D51B002EBADE /* ContentView.swift */ = {isa = PBXFileReference; lastKnownFileType = sourcecode.swift; path = ContentView.swift; sourceTree = "<group>"; };
		473D98052A78D51C002EBADE /* Assets.xcassets */ = {isa = PBXFileReference; lastKnownFileType = folder.assetcatalog; path = Assets.xcassets; sourceTree = "<group>"; };
		473D98082A78D51C002EBADE /* Preview Assets.xcassets */ = {isa = PBXFileReference; lastKnownFileType = folder.assetcatalog; path = "Preview Assets.xcassets"; sourceTree = "<group>"; };
		4767DF8A2A933C7200664942 /* InsetGalleryView.swift */ = {isa = PBXFileReference; lastKnownFileType = sourcecode.swift; path = InsetGalleryView.swift; sourceTree = "<group>"; };
		4767DF8C2A933ED900664942 /* InsetFactView.swift */ = {isa = PBXFileReference; lastKnownFileType = sourcecode.swift; path = InsetFactView.swift; sourceTree = "<group>"; };
		4767DF8E2A935BE300664942 /* InsetMapView.swift */ = {isa = PBXFileReference; lastKnownFileType = sourcecode.swift; path = InsetMapView.swift; sourceTree = "<group>"; };
		4767DF902A9363F200664942 /* ExternalWebLinkView.swift */ = {isa = PBXFileReference; lastKnownFileType = sourcecode.swift; path = ExternalWebLinkView.swift; sourceTree = "<group>"; };
		478D3F2E2A80BDEC00763A1C /* CoverImageView.swift */ = {isa = PBXFileReference; lastKnownFileType = sourcecode.swift; path = CoverImageView.swift; sourceTree = "<group>"; };
		478D3F312A80C08600763A1C /* CoverImageModel.swift */ = {isa = PBXFileReference; lastKnownFileType = sourcecode.swift; path = CoverImageModel.swift; sourceTree = "<group>"; };
		478D3F342A80C23400763A1C /* CodableBundleExtension.swift */ = {isa = PBXFileReference; lastKnownFileType = sourcecode.swift; path = CodableBundleExtension.swift; sourceTree = "<group>"; };
		478D3F362A80E04500763A1C /* AnimalListItemView.swift */ = {isa = PBXFileReference; lastKnownFileType = sourcecode.swift; path = AnimalListItemView.swift; sourceTree = "<group>"; };
		478D3F382A80F6D300763A1C /* AnimalModel.swift */ = {isa = PBXFileReference; lastKnownFileType = sourcecode.swift; path = AnimalModel.swift; sourceTree = "<group>"; };
		478D3F3A2A8106CA00763A1C /* AnimalDetailView.swift */ = {isa = PBXFileReference; lastKnownFileType = sourcecode.swift; path = AnimalDetailView.swift; sourceTree = "<group>"; };
		47DF2CE52A78D67A007ADC26 /* lioness.mp4 */ = {isa = PBXFileReference; lastKnownFileType = file; path = lioness.mp4; sourceTree = "<group>"; };
		47DF2CE62A78D67A007ADC26 /* giraffe.mp4 */ = {isa = PBXFileReference; lastKnownFileType = file; path = giraffe.mp4; sourceTree = "<group>"; };
		47DF2CE72A78D67A007ADC26 /* rhino.mp4 */ = {isa = PBXFileReference; lastKnownFileType = file; path = rhino.mp4; sourceTree = "<group>"; };
		47DF2CE82A78D67A007ADC26 /* cheetah.mp4 */ = {isa = PBXFileReference; lastKnownFileType = file; path = cheetah.mp4; sourceTree = "<group>"; };
		47DF2CE92A78D67A007ADC26 /* lion.mp4 */ = {isa = PBXFileReference; lastKnownFileType = file; path = lion.mp4; sourceTree = "<group>"; };
		47DF2CEA2A78D67A007ADC26 /* gorilla.mp4 */ = {isa = PBXFileReference; lastKnownFileType = file; path = gorilla.mp4; sourceTree = "<group>"; };
		47DF2CEB2A78D67A007ADC26 /* ostrich.mp4 */ = {isa = PBXFileReference; lastKnownFileType = file; path = ostrich.mp4; sourceTree = "<group>"; };
		47DF2CEC2A78D67A007ADC26 /* zebra.mp4 */ = {isa = PBXFileReference; lastKnownFileType = file; path = zebra.mp4; sourceTree = "<group>"; };
		47DF2CED2A78D67B007ADC26 /* elephant.mp4 */ = {isa = PBXFileReference; lastKnownFileType = file; path = elephant.mp4; sourceTree = "<group>"; };
		47DF2CEE2A78D67B007ADC26 /* hippo.mp4 */ = {isa = PBXFileReference; lastKnownFileType = file; path = hippo.mp4; sourceTree = "<group>"; };
		47DF2CFA2A78D694007ADC26 /* locations.json */ = {isa = PBXFileReference; fileEncoding = 4; lastKnownFileType = text.json; path = locations.json; sourceTree = "<group>"; };
		47DF2CFB2A78D694007ADC26 /* covers.json */ = {isa = PBXFileReference; fileEncoding = 4; lastKnownFileType = text.json; path = covers.json; sourceTree = "<group>"; };
		47DF2CFC2A78D694007ADC26 /* animals.json */ = {isa = PBXFileReference; fileEncoding = 4; lastKnownFileType = text.json; path = animals.json; sourceTree = "<group>"; };
		47DF2CFD2A78D694007ADC26 /* videos.json */ = {isa = PBXFileReference; fileEncoding = 4; lastKnownFileType = text.json; path = videos.json; sourceTree = "<group>"; };
		47DF2D022A78D9F0007ADC26 /* Info.plist */ = {isa = PBXFileReference; lastKnownFileType = text.plist; path = Info.plist; sourceTree = "<group>"; };
		47DF2D062A78DB3B007ADC26 /* MapView.swift */ = {isa = PBXFileReference; lastKnownFileType = sourcecode.swift; path = MapView.swift; sourceTree = "<group>"; };
		47DF2D082A78DB4D007ADC26 /* VideoListView.swift */ = {isa = PBXFileReference; lastKnownFileType = sourcecode.swift; path = VideoListView.swift; sourceTree = "<group>"; };
		47DF2D0A2A78DB7A007ADC26 /* GalleryView.swift */ = {isa = PBXFileReference; lastKnownFileType = sourcecode.swift; path = GalleryView.swift; sourceTree = "<group>"; };
		47DF2D0C2A78DB90007ADC26 /* MainView.swift */ = {isa = PBXFileReference; lastKnownFileType = sourcecode.swift; path = MainView.swift; sourceTree = "<group>"; };
/* End PBXFileReference section */

/* Begin PBXFrameworksBuildPhase section */
		473D97FB2A78D51B002EBADE /* Frameworks */ = {
			isa = PBXFrameworksBuildPhase;
			buildActionMask = 2147483647;
			files = (
			);
			runOnlyForDeploymentPostprocessing = 0;
		};
/* End PBXFrameworksBuildPhase section */

/* Begin PBXGroup section */
		473D97F52A78D51B002EBADE = {
			isa = PBXGroup;
			children = (
				473D98002A78D51B002EBADE /* Africa */,
				473D97FF2A78D51B002EBADE /* Products */,
			);
			sourceTree = "<group>";
		};
		473D97FF2A78D51B002EBADE /* Products */ = {
			isa = PBXGroup;
			children = (
				473D97FE2A78D51B002EBADE /* Africa.app */,
			);
			name = Products;
			sourceTree = "<group>";
		};
		473D98002A78D51B002EBADE /* Africa */ = {
			isa = PBXGroup;
			children = (
				478D3F332A80C21200763A1C /* Extension */,
				478D3F302A80C06E00763A1C /* Model */,
				478D3F2D2A80BDD600763A1C /* View */,
				47DF2D022A78D9F0007ADC26 /* Info.plist */,
				47DF2CF92A78D694007ADC26 /* data */,
				47DF2CE42A78D669007ADC26 /* Video */,
				47DF2D032A78DAC6007ADC26 /* App */,
				473D98052A78D51C002EBADE /* Assets.xcassets */,
				473D98072A78D51C002EBADE /* Preview Content */,
			);
			path = Africa;
			sourceTree = "<group>";
		};
		473D98072A78D51C002EBADE /* Preview Content */ = {
			isa = PBXGroup;
			children = (
				473D98082A78D51C002EBADE /* Preview Assets.xcassets */,
			);
			path = "Preview Content";
			sourceTree = "<group>";
		};
		478D3F2D2A80BDD600763A1C /* View */ = {
			isa = PBXGroup;
			children = (
				478D3F2E2A80BDEC00763A1C /* CoverImageView.swift */,
				478D3F362A80E04500763A1C /* AnimalListItemView.swift */,
				478D3F3A2A8106CA00763A1C /* AnimalDetailView.swift */,
				47070F352A93310B00CF74E5 /* HeadingView.swift */,
				4767DF8A2A933C7200664942 /* InsetGalleryView.swift */,
				4767DF8C2A933ED900664942 /* InsetFactView.swift */,
				4767DF8E2A935BE300664942 /* InsetMapView.swift */,
				4767DF902A9363F200664942 /* ExternalWebLinkView.swift */,
			);
			path = View;
			sourceTree = "<group>";
		};
		478D3F302A80C06E00763A1C /* Model */ = {
			isa = PBXGroup;
			children = (
				478D3F312A80C08600763A1C /* CoverImageModel.swift */,
				478D3F382A80F6D300763A1C /* AnimalModel.swift */,
			);
			path = Model;
			sourceTree = "<group>";
		};
		478D3F332A80C21200763A1C /* Extension */ = {
			isa = PBXGroup;
			children = (
				478D3F342A80C23400763A1C /* CodableBundleExtension.swift */,
			);
			path = Extension;
			sourceTree = "<group>";
		};
		47DF2CE42A78D669007ADC26 /* Video */ = {
			isa = PBXGroup;
			children = (
				47DF2CE82A78D67A007ADC26 /* cheetah.mp4 */,
				47DF2CED2A78D67B007ADC26 /* elephant.mp4 */,
				47DF2CE62A78D67A007ADC26 /* giraffe.mp4 */,
				47DF2CEA2A78D67A007ADC26 /* gorilla.mp4 */,
				47DF2CEE2A78D67B007ADC26 /* hippo.mp4 */,
				47DF2CE92A78D67A007ADC26 /* lion.mp4 */,
				47DF2CE52A78D67A007ADC26 /* lioness.mp4 */,
				47DF2CEB2A78D67A007ADC26 /* ostrich.mp4 */,
				47DF2CE72A78D67A007ADC26 /* rhino.mp4 */,
				47DF2CEC2A78D67A007ADC26 /* zebra.mp4 */,
			);
			path = Video;
			sourceTree = "<group>";
		};
		47DF2CF92A78D694007ADC26 /* data */ = {
			isa = PBXGroup;
			children = (
				47DF2CFA2A78D694007ADC26 /* locations.json */,
				47DF2CFB2A78D694007ADC26 /* covers.json */,
				47DF2CFC2A78D694007ADC26 /* animals.json */,
				47DF2CFD2A78D694007ADC26 /* videos.json */,
			);
			path = data;
			sourceTree = "<group>";
		};
		47DF2D032A78DAC6007ADC26 /* App */ = {
			isa = PBXGroup;
			children = (
				473D98032A78D51B002EBADE /* ContentView.swift */,
				473D98012A78D51B002EBADE /* AfricaApp.swift */,
				47DF2D062A78DB3B007ADC26 /* MapView.swift */,
				47DF2D082A78DB4D007ADC26 /* VideoListView.swift */,
				47DF2D0A2A78DB7A007ADC26 /* GalleryView.swift */,
				47DF2D0C2A78DB90007ADC26 /* MainView.swift */,
			);
			path = App;
			sourceTree = "<group>";
		};
/* End PBXGroup section */

/* Begin PBXNativeTarget section */
		473D97FD2A78D51B002EBADE /* Africa */ = {
			isa = PBXNativeTarget;
			buildConfigurationList = 473D980C2A78D51C002EBADE /* Build configuration list for PBXNativeTarget "Africa" */;
			buildPhases = (
				473D97FA2A78D51B002EBADE /* Sources */,
				473D97FB2A78D51B002EBADE /* Frameworks */,
				473D97FC2A78D51B002EBADE /* Resources */,
			);
			buildRules = (
			);
			dependencies = (
			);
			name = Africa;
			productName = Africa;
			productReference = 473D97FE2A78D51B002EBADE /* Africa.app */;
			productType = "com.apple.product-type.application";
		};
/* End PBXNativeTarget section */

/* Begin PBXProject section */
		473D97F62A78D51B002EBADE /* Project object */ = {
			isa = PBXProject;
			attributes = {
				BuildIndependentTargetsInParallel = 1;
				LastSwiftUpdateCheck = 1430;
				LastUpgradeCheck = 1430;
				TargetAttributes = {
					473D97FD2A78D51B002EBADE = {
						CreatedOnToolsVersion = 14.3;
					};
				};
			};
			buildConfigurationList = 473D97F92A78D51B002EBADE /* Build configuration list for PBXProject "Africa" */;
			compatibilityVersion = "Xcode 14.0";
			developmentRegion = en;
			hasScannedForEncodings = 0;
			knownRegions = (
				en,
				Base,
			);
			mainGroup = 473D97F52A78D51B002EBADE;
			productRefGroup = 473D97FF2A78D51B002EBADE /* Products */;
			projectDirPath = "";
			projectRoot = "";
			targets = (
				473D97FD2A78D51B002EBADE /* Africa */,
			);
		};
/* End PBXProject section */

/* Begin PBXResourcesBuildPhase section */
		473D97FC2A78D51B002EBADE /* Resources */ = {
			isa = PBXResourcesBuildPhase;
			buildActionMask = 2147483647;
			files = (
				47DF2D002A78D694007ADC26 /* animals.json in Resources */,
				47DF2CFE2A78D694007ADC26 /* locations.json in Resources */,
				473D98092A78D51C002EBADE /* Preview Assets.xcassets in Resources */,
				473D98062A78D51C002EBADE /* Assets.xcassets in Resources */,
				47DF2CF32A78D67B007ADC26 /* lion.mp4 in Resources */,
				47DF2CF52A78D67B007ADC26 /* ostrich.mp4 in Resources */,
				47DF2CF82A78D67B007ADC26 /* hippo.mp4 in Resources */,
				47DF2CF22A78D67B007ADC26 /* cheetah.mp4 in Resources */,
				47DF2CFF2A78D694007ADC26 /* covers.json in Resources */,
				47DF2CF42A78D67B007ADC26 /* gorilla.mp4 in Resources */,
				47DF2CF62A78D67B007ADC26 /* zebra.mp4 in Resources */,
				47DF2CF02A78D67B007ADC26 /* giraffe.mp4 in Resources */,
				47DF2CF12A78D67B007ADC26 /* rhino.mp4 in Resources */,
				47DF2D012A78D694007ADC26 /* videos.json in Resources */,
				47DF2CEF2A78D67B007ADC26 /* lioness.mp4 in Resources */,
				47DF2CF72A78D67B007ADC26 /* elephant.mp4 in Resources */,
			);
			runOnlyForDeploymentPostprocessing = 0;
		};
/* End PBXResourcesBuildPhase section */

/* Begin PBXSourcesBuildPhase section */
		473D97FA2A78D51B002EBADE /* Sources */ = {
			isa = PBXSourcesBuildPhase;
			buildActionMask = 2147483647;
			files = (
				47DF2D092A78DB4D007ADC26 /* VideoListView.swift in Sources */,
				478D3F372A80E04500763A1C /* AnimalListItemView.swift in Sources */,
				47DF2D0D2A78DB90007ADC26 /* MainView.swift in Sources */,
				4767DF8D2A933ED900664942 /* InsetFactView.swift in Sources */,
				478D3F2F2A80BDEC00763A1C /* CoverImageView.swift in Sources */,
				478D3F322A80C08600763A1C /* CoverImageModel.swift in Sources */,
				478D3F3B2A8106CA00763A1C /* AnimalDetailView.swift in Sources */,
				478D3F392A80F6D300763A1C /* AnimalModel.swift in Sources */,
				473D98042A78D51B002EBADE /* ContentView.swift in Sources */,
				47DF2D072A78DB3B007ADC26 /* MapView.swift in Sources */,
				4767DF8F2A935BE300664942 /* InsetMapView.swift in Sources */,
				4767DF912A9363F200664942 /* ExternalWebLinkView.swift in Sources */,
				473D98022A78D51B002EBADE /* AfricaApp.swift in Sources */,
				47DF2D0B2A78DB7A007ADC26 /* GalleryView.swift in Sources */,
				4767DF8B2A933C7200664942 /* InsetGalleryView.swift in Sources */,
				478D3F352A80C23400763A1C /* CodableBundleExtension.swift in Sources */,
				47070F362A93310B00CF74E5 /* HeadingView.swift in Sources */,
			);
			runOnlyForDeploymentPostprocessing = 0;
		};
/* End PBXSourcesBuildPhase section */

/* Begin XCBuildConfiguration section */
		473D980A2A78D51C002EBADE /* Debug */ = {
			isa = XCBuildConfiguration;
			buildSettings = {
				ALWAYS_SEARCH_USER_PATHS = NO;
				CLANG_ANALYZER_NONNULL = YES;
				CLANG_ANALYZER_NUMBER_OBJECT_CONVERSION = YES_AGGRESSIVE;
				CLANG_CXX_LANGUAGE_STANDARD = "gnu++20";
				CLANG_ENABLE_MODULES = YES;
				CLANG_ENABLE_OBJC_ARC = YES;
				CLANG_ENABLE_OBJC_WEAK = YES;
				CLANG_WARN_BLOCK_CAPTURE_AUTORELEASING = YES;
				CLANG_WARN_BOOL_CONVERSION = YES;
				CLANG_WARN_COMMA = YES;
				CLANG_WARN_CONSTANT_CONVERSION = YES;
				CLANG_WARN_DEPRECATED_OBJC_IMPLEMENTATIONS = YES;
				CLANG_WARN_DIRECT_OBJC_ISA_USAGE = YES_ERROR;
				CLANG_WARN_DOCUMENTATION_COMMENTS = YES;
				CLANG_WARN_EMPTY_BODY = YES;
				CLANG_WARN_ENUM_CONVERSION = YES;
				CLANG_WARN_INFINITE_RECURSION = YES;
				CLANG_WARN_INT_CONVERSION = YES;
				CLANG_WARN_NON_LITERAL_NULL_CONVERSION = YES;
				CLANG_WARN_OBJC_IMPLICIT_RETAIN_SELF = YES;
				CLANG_WARN_OBJC_LITERAL_CONVERSION = YES;
				CLANG_WARN_OBJC_ROOT_CLASS = YES_ERROR;
				CLANG_WARN_QUOTED_INCLUDE_IN_FRAMEWORK_HEADER = YES;
				CLANG_WARN_RANGE_LOOP_ANALYSIS = YES;
				CLANG_WARN_STRICT_PROTOTYPES = YES;
				CLANG_WARN_SUSPICIOUS_MOVE = YES;
				CLANG_WARN_UNGUARDED_AVAILABILITY = YES_AGGRESSIVE;
				CLANG_WARN_UNREACHABLE_CODE = YES;
				CLANG_WARN__DUPLICATE_METHOD_MATCH = YES;
				COPY_PHASE_STRIP = NO;
				DEBUG_INFORMATION_FORMAT = dwarf;
				ENABLE_STRICT_OBJC_MSGSEND = YES;
				ENABLE_TESTABILITY = YES;
				GCC_C_LANGUAGE_STANDARD = gnu11;
				GCC_DYNAMIC_NO_PIC = NO;
				GCC_NO_COMMON_BLOCKS = YES;
				GCC_OPTIMIZATION_LEVEL = 0;
				GCC_PREPROCESSOR_DEFINITIONS = (
					"DEBUG=1",
					"$(inherited)",
				);
				GCC_WARN_64_TO_32_BIT_CONVERSION = YES;
				GCC_WARN_ABOUT_RETURN_TYPE = YES_ERROR;
				GCC_WARN_UNDECLARED_SELECTOR = YES;
				GCC_WARN_UNINITIALIZED_AUTOS = YES_AGGRESSIVE;
				GCC_WARN_UNUSED_FUNCTION = YES;
				GCC_WARN_UNUSED_VARIABLE = YES;
				IPHONEOS_DEPLOYMENT_TARGET = 16.4;
				MTL_ENABLE_DEBUG_INFO = INCLUDE_SOURCE;
				MTL_FAST_MATH = YES;
				ONLY_ACTIVE_ARCH = YES;
				SDKROOT = iphoneos;
				SWIFT_ACTIVE_COMPILATION_CONDITIONS = DEBUG;
				SWIFT_OPTIMIZATION_LEVEL = "-Onone";
			};
			name = Debug;
		};
		473D980B2A78D51C002EBADE /* Release */ = {
			isa = XCBuildConfiguration;
			buildSettings = {
				ALWAYS_SEARCH_USER_PATHS = NO;
				CLANG_ANALYZER_NONNULL = YES;
				CLANG_ANALYZER_NUMBER_OBJECT_CONVERSION = YES_AGGRESSIVE;
				CLANG_CXX_LANGUAGE_STANDARD = "gnu++20";
				CLANG_ENABLE_MODULES = YES;
				CLANG_ENABLE_OBJC_ARC = YES;
				CLANG_ENABLE_OBJC_WEAK = YES;
				CLANG_WARN_BLOCK_CAPTURE_AUTORELEASING = YES;
				CLANG_WARN_BOOL_CONVERSION = YES;
				CLANG_WARN_COMMA = YES;
				CLANG_WARN_CONSTANT_CONVERSION = YES;
				CLANG_WARN_DEPRECATED_OBJC_IMPLEMENTATIONS = YES;
				CLANG_WARN_DIRECT_OBJC_ISA_USAGE = YES_ERROR;
				CLANG_WARN_DOCUMENTATION_COMMENTS = YES;
				CLANG_WARN_EMPTY_BODY = YES;
				CLANG_WARN_ENUM_CONVERSION = YES;
				CLANG_WARN_INFINITE_RECURSION = YES;
				CLANG_WARN_INT_CONVERSION = YES;
				CLANG_WARN_NON_LITERAL_NULL_CONVERSION = YES;
				CLANG_WARN_OBJC_IMPLICIT_RETAIN_SELF = YES;
				CLANG_WARN_OBJC_LITERAL_CONVERSION = YES;
				CLANG_WARN_OBJC_ROOT_CLASS = YES_ERROR;
				CLANG_WARN_QUOTED_INCLUDE_IN_FRAMEWORK_HEADER = YES;
				CLANG_WARN_RANGE_LOOP_ANALYSIS = YES;
				CLANG_WARN_STRICT_PROTOTYPES = YES;
				CLANG_WARN_SUSPICIOUS_MOVE = YES;
				CLANG_WARN_UNGUARDED_AVAILABILITY = YES_AGGRESSIVE;
				CLANG_WARN_UNREACHABLE_CODE = YES;
				CLANG_WARN__DUPLICATE_METHOD_MATCH = YES;
				COPY_PHASE_STRIP = NO;
				DEBUG_INFORMATION_FORMAT = "dwarf-with-dsym";
				ENABLE_NS_ASSERTIONS = NO;
				ENABLE_STRICT_OBJC_MSGSEND = YES;
				GCC_C_LANGUAGE_STANDARD = gnu11;
				GCC_NO_COMMON_BLOCKS = YES;
				GCC_WARN_64_TO_32_BIT_CONVERSION = YES;
				GCC_WARN_ABOUT_RETURN_TYPE = YES_ERROR;
				GCC_WARN_UNDECLARED_SELECTOR = YES;
				GCC_WARN_UNINITIALIZED_AUTOS = YES_AGGRESSIVE;
				GCC_WARN_UNUSED_FUNCTION = YES;
				GCC_WARN_UNUSED_VARIABLE = YES;
				IPHONEOS_DEPLOYMENT_TARGET = 16.4;
				MTL_ENABLE_DEBUG_INFO = NO;
				MTL_FAST_MATH = YES;
				SDKROOT = iphoneos;
				SWIFT_COMPILATION_MODE = wholemodule;
				SWIFT_OPTIMIZATION_LEVEL = "-O";
				VALIDATE_PRODUCT = YES;
			};
			name = Release;
		};
		473D980D2A78D51C002EBADE /* Debug */ = {
			isa = XCBuildConfiguration;
			buildSettings = {
				ASSETCATALOG_COMPILER_APPICON_NAME = AppIcon;
				ASSETCATALOG_COMPILER_GLOBAL_ACCENT_COLOR_NAME = AccentColor;
				CODE_SIGN_STYLE = Automatic;
				CURRENT_PROJECT_VERSION = 1;
				DEVELOPMENT_ASSET_PATHS = "\"Africa/Preview Content\"";
				DEVELOPMENT_TEAM = 3SDDM7NU4G;
				ENABLE_PREVIEWS = YES;
				GENERATE_INFOPLIST_FILE = YES;
				INFOPLIST_FILE = Africa/Info.plist;
				INFOPLIST_KEY_UIApplicationSceneManifest_Generation = YES;
				INFOPLIST_KEY_UIApplicationSupportsIndirectInputEvents = YES;
				INFOPLIST_KEY_UISupportedInterfaceOrientations_iPad = "UIInterfaceOrientationPortrait UIInterfaceOrientationPortraitUpsideDown UIInterfaceOrientationLandscapeLeft UIInterfaceOrientationLandscapeRight";
				INFOPLIST_KEY_UISupportedInterfaceOrientations_iPhone = "UIInterfaceOrientationPortrait UIInterfaceOrientationLandscapeLeft UIInterfaceOrientationLandscapeRight";
				INFOPLIST_KEY_UIUserInterfaceStyle = Dark;
				LD_RUNPATH_SEARCH_PATHS = (
					"$(inherited)",
					"@executable_path/Frameworks",
				);
				MARKETING_VERSION = 1.0;
				PRODUCT_BUNDLE_IDENTIFIER = com.dedicave.Africa;
				PRODUCT_NAME = "$(TARGET_NAME)";
				SWIFT_EMIT_LOC_STRINGS = YES;
				SWIFT_VERSION = 5.0;
				TARGETED_DEVICE_FAMILY = "1,2";
			};
			name = Debug;
		};
		473D980E2A78D51C002EBADE /* Release */ = {
			isa = XCBuildConfiguration;
			buildSettings = {
				ASSETCATALOG_COMPILER_APPICON_NAME = AppIcon;
				ASSETCATALOG_COMPILER_GLOBAL_ACCENT_COLOR_NAME = AccentColor;
				CODE_SIGN_STYLE = Automatic;
				CURRENT_PROJECT_VERSION = 1;
				DEVELOPMENT_ASSET_PATHS = "\"Africa/Preview Content\"";
				DEVELOPMENT_TEAM = 3SDDM7NU4G;
				ENABLE_PREVIEWS = YES;
				GENERATE_INFOPLIST_FILE = YES;
				INFOPLIST_FILE = Africa/Info.plist;
				INFOPLIST_KEY_UIApplicationSceneManifest_Generation = YES;
				INFOPLIST_KEY_UIApplicationSupportsIndirectInputEvents = YES;
				INFOPLIST_KEY_UISupportedInterfaceOrientations_iPad = "UIInterfaceOrientationPortrait UIInterfaceOrientationPortraitUpsideDown UIInterfaceOrientationLandscapeLeft UIInterfaceOrientationLandscapeRight";
				INFOPLIST_KEY_UISupportedInterfaceOrientations_iPhone = "UIInterfaceOrientationPortrait UIInterfaceOrientationLandscapeLeft UIInterfaceOrientationLandscapeRight";
				INFOPLIST_KEY_UIUserInterfaceStyle = Dark;
				LD_RUNPATH_SEARCH_PATHS = (
					"$(inherited)",
					"@executable_path/Frameworks",
				);
				MARKETING_VERSION = 1.0;
				PRODUCT_BUNDLE_IDENTIFIER = com.dedicave.Africa;
				PRODUCT_NAME = "$(TARGET_NAME)";
				SWIFT_EMIT_LOC_STRINGS = YES;
				SWIFT_VERSION = 5.0;
				TARGETED_DEVICE_FAMILY = "1,2";
			};
			name = Release;
		};
/* End XCBuildConfiguration section */

/* Begin XCConfigurationList section */
		473D97F92A78D51B002EBADE /* Build configuration list for PBXProject "Africa" */ = {
			isa = XCConfigurationList;
			buildConfigurations = (
				473D980A2A78D51C002EBADE /* Debug */,
				473D980B2A78D51C002EBADE /* Release */,
			);
			defaultConfigurationIsVisible = 0;
			defaultConfigurationName = Release;
		};
		473D980C2A78D51C002EBADE /* Build configuration list for PBXNativeTarget "Africa" */ = {
			isa = XCConfigurationList;
			buildConfigurations = (
				473D980D2A78D51C002EBADE /* Debug */,
				473D980E2A78D51C002EBADE /* Release */,
			);
			defaultConfigurationIsVisible = 0;
			defaultConfigurationName = Release;
		};
/* End XCConfigurationList section */
	};
	rootObject = 473D97F62A78D51B002EBADE /* Project object */;
}
